<?xml version="1.0" encoding="UTF-8" standalone="yes" ?>
<CodeBlocks_project_file>
   <FileVersion major="1" minor="6" />
   <Project>
      <Option title="HT1_3corected" />
      <Option makefile_is_custom="1" />
      <Option compiler="gcc" />
      <Option virtualFolders="CMake Files\;" />
      <Build>
      <Target title="all">
         <Option working_dir="/home/selim/C++/C++advanced/QTCreator/lesson1/Corected/HT_1_3_corected/build-HT1_3corected-Desktop_Qt_5_12_4_GCC_64bit-Default" />
         <Option type="4" />
         <MakeCommands>
            <Build command="/usr/bin/make -f &quot;/home/selim/C++/C++advanced/QTCreator/lesson1/Corected/HT_1_3_corected/build-HT1_3corected-Desktop_Qt_5_12_4_GCC_64bit-Default/Makefile&quot;  VERBOSE=1 all" />
            <CompileFile command="/usr/bin/make -f &quot;/home/selim/C++/C++advanced/QTCreator/lesson1/Corected/HT_1_3_corected/build-HT1_3corected-Desktop_Qt_5_12_4_GCC_64bit-Default/Makefile&quot;  VERBOSE=1 &quot;$file&quot;" />
            <Clean command="/usr/bin/make -f &quot;/home/selim/C++/C++advanced/QTCreator/lesson1/Corected/HT_1_3_corected/build-HT1_3corected-Desktop_Qt_5_12_4_GCC_64bit-Default/Makefile&quot;  VERBOSE=1 clean" />
            <DistClean command="/usr/bin/make -f &quot;/home/selim/C++/C++advanced/QTCreator/lesson1/Corected/HT_1_3_corected/build-HT1_3corected-Desktop_Qt_5_12_4_GCC_64bit-Default/Makefile&quot;  VERBOSE=1 clean" />
         </MakeCommands>
      </Target>
      <Target title="edit_cache">
         <Option working_dir="/home/selim/C++/C++advanced/QTCreator/lesson1/Corected/HT_1_3_corected/build-HT1_3corected-Desktop_Qt_5_12_4_GCC_64bit-Default" />
         <Option type="4" />
         <MakeCommands>
            <Build command="/usr/bin/make -f &quot;/home/selim/C++/C++advanced/QTCreator/lesson1/Corected/HT_1_3_corected/build-HT1_3corected-Desktop_Qt_5_12_4_GCC_64bit-Default/Makefile&quot;  VERBOSE=1 edit_cache" />
            <CompileFile command="/usr/bin/make -f &quot;/home/selim/C++/C++advanced/QTCreator/lesson1/Corected/HT_1_3_corected/build-HT1_3corected-Desktop_Qt_5_12_4_GCC_64bit-Default/Makefile&quot;  VERBOSE=1 &quot;$file&quot;" />
            <Clean command="/usr/bin/make -f &quot;/home/selim/C++/C++advanced/QTCreator/lesson1/Corected/HT_1_3_corected/build-HT1_3corected-Desktop_Qt_5_12_4_GCC_64bit-Default/Makefile&quot;  VERBOSE=1 clean" />
            <DistClean command="/usr/bin/make -f &quot;/home/selim/C++/C++advanced/QTCreator/lesson1/Corected/HT_1_3_corected/build-HT1_3corected-Desktop_Qt_5_12_4_GCC_64bit-Default/Makefile&quot;  VERBOSE=1 clean" />
         </MakeCommands>
      </Target>
      <Target title="HT1_3corected">
         <Option output="/home/selim/C++/C++advanced/QTCreator/lesson1/Corected/HT_1_3_corected/build-HT1_3corected-Desktop_Qt_5_12_4_GCC_64bit-Default/HT1_3corected" prefix_auto="0" extension_auto="0" />
         <Option working_dir="/home/selim/C++/C++advanced/QTCreator/lesson1/Corected/HT_1_3_corected/build-HT1_3corected-Desktop_Qt_5_12_4_GCC_64bit-Default" />
         <Option object_output="./" />
         <Option type="1" />
         <Option compiler="gcc" />
         <Compiler>
            <Add directory="/usr/include" />
            <Add directory="/usr/include/c++/9" />
            <Add directory="/usr/include/c++/9/backward" />
            <Add directory="/usr/include/x86_64-linux-gnu" />
            <Add directory="/usr/include/x86_64-linux-gnu/c++/9" />
            <Add directory="/usr/lib/gcc/x86_64-linux-gnu/9/include" />
            <Add directory="/usr/lib/gcc/x86_64-linux-gnu/9/include-fixed" />
            <Add directory="/usr/local/include" />
         </Compiler>
         <MakeCommands>
            <Build command="/usr/bin/make -f &quot;/home/selim/C++/C++advanced/QTCreator/lesson1/Corected/HT_1_3_corected/build-HT1_3corected-Desktop_Qt_5_12_4_GCC_64bit-Default/Makefile&quot;  VERBOSE=1 HT1_3corected" />
            <CompileFile command="/usr/bin/make -f &quot;/home/selim/C++/C++advanced/QTCreator/lesson1/Corected/HT_1_3_corected/build-HT1_3corected-Desktop_Qt_5_12_4_GCC_64bit-Default/Makefile&quot;  VERBOSE=1 &quot;$file&quot;" />
            <Clean command="/usr/bin/make -f &quot;/home/selim/C++/C++advanced/QTCreator/lesson1/Corected/HT_1_3_corected/build-HT1_3corected-Desktop_Qt_5_12_4_GCC_64bit-Default/Makefile&quot;  VERBOSE=1 clean" />
            <DistClean command="/usr/bin/make -f &quot;/home/selim/C++/C++advanced/QTCreator/lesson1/Corected/HT_1_3_corected/build-HT1_3corected-Desktop_Qt_5_12_4_GCC_64bit-Default/Makefile&quot;  VERBOSE=1 clean" />
         </MakeCommands>
      </Target>
      <Target title="HT1_3corected/fast">
         <Option output="/home/selim/C++/C++advanced/QTCreator/lesson1/Corected/HT_1_3_corected/build-HT1_3corected-Desktop_Qt_5_12_4_GCC_64bit-Default/HT1_3corected" prefix_auto="0" extension_auto="0" />
         <Option working_dir="/home/selim/C++/C++advanced/QTCreator/lesson1/Corected/HT_1_3_corected/build-HT1_3corected-Desktop_Qt_5_12_4_GCC_64bit-Default" />
         <Option object_output="./" />
         <Option type="1" />
         <Option compiler="gcc" />
         <Compiler>
            <Add directory="/usr/include" />
            <Add directory="/usr/include/c++/9" />
            <Add directory="/usr/include/c++/9/backward" />
            <Add directory="/usr/include/x86_64-linux-gnu" />
            <Add directory="/usr/include/x86_64-linux-gnu/c++/9" />
            <Add directory="/usr/lib/gcc/x86_64-linux-gnu/9/include" />
            <Add directory="/usr/lib/gcc/x86_64-linux-gnu/9/include-fixed" />
            <Add directory="/usr/local/include" />
         </Compiler>
         <MakeCommands>
            <Build command="/usr/bin/make -f &quot;/home/selim/C++/C++advanced/QTCreator/lesson1/Corected/HT_1_3_corected/build-HT1_3corected-Desktop_Qt_5_12_4_GCC_64bit-Default/Makefile&quot;  VERBOSE=1 HT1_3corected/fast" />
            <CompileFile command="/usr/bin/make -f &quot;/home/selim/C++/C++advanced/QTCreator/lesson1/Corected/HT_1_3_corected/build-HT1_3corected-Desktop_Qt_5_12_4_GCC_64bit-Default/Makefile&quot;  VERBOSE=1 &quot;$file&quot;" />
            <Clean command="/usr/bin/make -f &quot;/home/selim/C++/C++advanced/QTCreator/lesson1/Corected/HT_1_3_corected/build-HT1_3corected-Desktop_Qt_5_12_4_GCC_64bit-Default/Makefile&quot;  VERBOSE=1 clean" />
            <DistClean command="/usr/bin/make -f &quot;/home/selim/C++/C++advanced/QTCreator/lesson1/Corected/HT_1_3_corected/build-HT1_3corected-Desktop_Qt_5_12_4_GCC_64bit-Default/Makefile&quot;  VERBOSE=1 clean" />
         </MakeCommands>
      </Target>
      <Target title="rebuild_cache">
         <Option working_dir="/home/selim/C++/C++advanced/QTCreator/lesson1/Corected/HT_1_3_corected/build-HT1_3corected-Desktop_Qt_5_12_4_GCC_64bit-Default" />
         <Option type="4" />
         <MakeCommands>
            <Build command="/usr/bin/make -f &quot;/home/selim/C++/C++advanced/QTCreator/lesson1/Corected/HT_1_3_corected/build-HT1_3corected-Desktop_Qt_5_12_4_GCC_64bit-Default/Makefile&quot;  VERBOSE=1 rebuild_cache" />
            <CompileFile command="/usr/bin/make -f &quot;/home/selim/C++/C++advanced/QTCreator/lesson1/Corected/HT_1_3_corected/build-HT1_3corected-Desktop_Qt_5_12_4_GCC_64bit-Default/Makefile&quot;  VERBOSE=1 &quot;$file&quot;" />
            <Clean command="/usr/bin/make -f &quot;/home/selim/C++/C++advanced/QTCreator/lesson1/Corected/HT_1_3_corected/build-HT1_3corected-Desktop_Qt_5_12_4_GCC_64bit-Default/Makefile&quot;  VERBOSE=1 clean" />
            <DistClean command="/usr/bin/make -f &quot;/home/selim/C++/C++advanced/QTCreator/lesson1/Corected/HT_1_3_corected/build-HT1_3corected-Desktop_Qt_5_12_4_GCC_64bit-Default/Makefile&quot;  VERBOSE=1 clean" />
         </MakeCommands>
      </Target>
      </Build>
      <Unit filename="/home/selim/C++/C++advanced/QTCreator/lesson1/Corected/HT_1_3_corected/HT1_3corected/HT1_3main.cpp">
         <Option target="HT1_3corected"/>
      </Unit>
      <Unit filename="/home/selim/C++/C++advanced/QTCreator/lesson1/Corected/HT_1_3_corected/HT1_3corected/CMakeLists.txt">
          <Option virtualFolder="CMake Files\" />
      </Unit>
   </Project>
</CodeBlocks_project_file>
